
Microsoft Visual Studio Solution File, Format Version 12.00
# Visual Studio Version 17
VisualStudioVersion = 17.5.33414.496
MinimumVisualStudioVersion = 10.0.40219.1
Project("{FAE04EC0-301F-11D3-BF4B-00C04F79EFBC}") = "İfElse", "İfElse.csproj", "{6C87CA27-F8DB-45EA-A391-29E0AC37C99D}"
EndProject
Global
	GlobalSection(SolutionConfigurationPlatforms) = preSolution
		Debug|Any CPU = Debug|Any CPU
		Release|Any CPU = Release|Any CPU
	EndGlobalSection
	GlobalSection(ProjectConfigurationPlatforms) = postSolution
		{6C87CA27-F8DB-45EA-A391-29E0AC37C99D}.Debug|Any CPU.ActiveCfg = Debug|Any CPU
		{6C87CA27-F8DB-45EA-A391-29E0AC37C99D}.Debug|Any CPU.Build.0 = Debug|Any CPU
		{6C87CA27-F8DB-45EA-A391-29E0AC37C99D}.Release|Any CPU.ActiveCfg = Release|Any CPU
		{6C87CA27-F8DB-45EA-A391-29E0AC37C99D}.Release|Any CPU.Build.0 = Release|Any CPU
	EndGlobalSection
	GlobalSection(SolutionProperties) = preSolution
		HideSolutionNode = FALSE
	EndGlobalSection
	GlobalSection(ExtensibilityGlobals) = postSolution
		SolutionGuid = {AA2DF223-46EF-4612-BC71-FB438F8DEDC5}
	EndGlobalSection
EndGlobal
