
Microsoft Visual Studio Solution File, Format Version 12.00
# Visual Studio Version 17
VisualStudioVersion = 17.5.33414.496
MinimumVisualStudioVersion = 10.0.40219.1
Project("{FAE04EC0-301F-11D3-BF4B-00C04F79EFBC}") = "StaticClassMembers", "StaticClassMembers.csproj", "{411AC707-9211-44F5-84A3-FE6D3EE1FA2A}"
EndProject
Global
	GlobalSection(SolutionConfigurationPlatforms) = preSolution
		Debug|Any CPU = Debug|Any CPU
		Release|Any CPU = Release|Any CPU
	EndGlobalSection
	GlobalSection(ProjectConfigurationPlatforms) = postSolution
		{411AC707-9211-44F5-84A3-FE6D3EE1FA2A}.Debug|Any CPU.ActiveCfg = Debug|Any CPU
		{411AC707-9211-44F5-84A3-FE6D3EE1FA2A}.Debug|Any CPU.Build.0 = Debug|Any CPU
		{411AC707-9211-44F5-84A3-FE6D3EE1FA2A}.Release|Any CPU.ActiveCfg = Release|Any CPU
		{411AC707-9211-44F5-84A3-FE6D3EE1FA2A}.Release|Any CPU.Build.0 = Release|Any CPU
	EndGlobalSection
	GlobalSection(SolutionProperties) = preSolution
		HideSolutionNode = FALSE
	EndGlobalSection
	GlobalSection(ExtensibilityGlobals) = postSolution
		SolutionGuid = {35B06BE5-D260-4164-B176-F35FF32F4418}
	EndGlobalSection
EndGlobal
