
Microsoft Visual Studio Solution File, Format Version 12.00
# Visual Studio Version 17
VisualStudioVersion = 17.5.33414.496
MinimumVisualStudioVersion = 10.0.40219.1
Project("{FAE04EC0-301F-11D3-BF4B-00C04F79EFBC}") = "Ortalama Hesaplama", "Ortalama Hesaplama.csproj", "{5CC2DE7F-A109-446A-92A6-52216F7E0298}"
EndProject
Global
	GlobalSection(SolutionConfigurationPlatforms) = preSolution
		Debug|Any CPU = Debug|Any CPU
		Release|Any CPU = Release|Any CPU
	EndGlobalSection
	GlobalSection(ProjectConfigurationPlatforms) = postSolution
		{5CC2DE7F-A109-446A-92A6-52216F7E0298}.Debug|Any CPU.ActiveCfg = Debug|Any CPU
		{5CC2DE7F-A109-446A-92A6-52216F7E0298}.Debug|Any CPU.Build.0 = Debug|Any CPU
		{5CC2DE7F-A109-446A-92A6-52216F7E0298}.Release|Any CPU.ActiveCfg = Release|Any CPU
		{5CC2DE7F-A109-446A-92A6-52216F7E0298}.Release|Any CPU.Build.0 = Release|Any CPU
	EndGlobalSection
	GlobalSection(SolutionProperties) = preSolution
		HideSolutionNode = FALSE
	EndGlobalSection
	GlobalSection(ExtensibilityGlobals) = postSolution
		SolutionGuid = {C98C8A99-49DC-4243-BF77-0B37E8B4B331}
	EndGlobalSection
EndGlobal
