
Microsoft Visual Studio Solution File, Format Version 12.00
# Visual Studio Version 17
VisualStudioVersion = 17.5.33414.496
MinimumVisualStudioVersion = 10.0.40219.1
Project("{FAE04EC0-301F-11D3-BF4B-00C04F79EFBC}") = "1.2", "1.2.csproj", "{963C5816-E3C9-40AB-8E60-536C2BAB273C}"
EndProject
Global
	GlobalSection(SolutionConfigurationPlatforms) = preSolution
		Debug|Any CPU = Debug|Any CPU
		Release|Any CPU = Release|Any CPU
	EndGlobalSection
	GlobalSection(ProjectConfigurationPlatforms) = postSolution
		{963C5816-E3C9-40AB-8E60-536C2BAB273C}.Debug|Any CPU.ActiveCfg = Debug|Any CPU
		{963C5816-E3C9-40AB-8E60-536C2BAB273C}.Debug|Any CPU.Build.0 = Debug|Any CPU
		{963C5816-E3C9-40AB-8E60-536C2BAB273C}.Release|Any CPU.ActiveCfg = Release|Any CPU
		{963C5816-E3C9-40AB-8E60-536C2BAB273C}.Release|Any CPU.Build.0 = Release|Any CPU
	EndGlobalSection
	GlobalSection(SolutionProperties) = preSolution
		HideSolutionNode = FALSE
	EndGlobalSection
	GlobalSection(ExtensibilityGlobals) = postSolution
		SolutionGuid = {05582A29-BEED-4276-877E-3E8842255CF9}
	EndGlobalSection
EndGlobal
