
Microsoft Visual Studio Solution File, Format Version 12.00
# Visual Studio Version 17
VisualStudioVersion = 17.5.33414.496
MinimumVisualStudioVersion = 10.0.40219.1
Project("{FAE04EC0-301F-11D3-BF4B-00C04F79EFBC}") = "Class-İnstance-Field-Property", "Class-İnstance-Field-Property.csproj", "{D049EDF6-D9A9-47E1-9770-2528EB57BE96}"
EndProject
Global
	GlobalSection(SolutionConfigurationPlatforms) = preSolution
		Debug|Any CPU = Debug|Any CPU
		Release|Any CPU = Release|Any CPU
	EndGlobalSection
	GlobalSection(ProjectConfigurationPlatforms) = postSolution
		{D049EDF6-D9A9-47E1-9770-2528EB57BE96}.Debug|Any CPU.ActiveCfg = Debug|Any CPU
		{D049EDF6-D9A9-47E1-9770-2528EB57BE96}.Debug|Any CPU.Build.0 = Debug|Any CPU
		{D049EDF6-D9A9-47E1-9770-2528EB57BE96}.Release|Any CPU.ActiveCfg = Release|Any CPU
		{D049EDF6-D9A9-47E1-9770-2528EB57BE96}.Release|Any CPU.Build.0 = Release|Any CPU
	EndGlobalSection
	GlobalSection(SolutionProperties) = preSolution
		HideSolutionNode = FALSE
	EndGlobalSection
	GlobalSection(ExtensibilityGlobals) = postSolution
		SolutionGuid = {4C11A896-DB9C-4E79-8926-B5F963EB8C8A}
	EndGlobalSection
EndGlobal
