
Microsoft Visual Studio Solution File, Format Version 12.00
# Visual Studio Version 17
VisualStudioVersion = 17.5.33414.496
MinimumVisualStudioVersion = 10.0.40219.1
Project("{FAE04EC0-301F-11D3-BF4B-00C04F79EFBC}") = "AlanHesaplama", "AlanHesaplama.csproj", "{BA9F6709-D377-47D0-A542-EF24043D103F}"
EndProject
Global
	GlobalSection(SolutionConfigurationPlatforms) = preSolution
		Debug|Any CPU = Debug|Any CPU
		Release|Any CPU = Release|Any CPU
	EndGlobalSection
	GlobalSection(ProjectConfigurationPlatforms) = postSolution
		{BA9F6709-D377-47D0-A542-EF24043D103F}.Debug|Any CPU.ActiveCfg = Debug|Any CPU
		{BA9F6709-D377-47D0-A542-EF24043D103F}.Debug|Any CPU.Build.0 = Debug|Any CPU
		{BA9F6709-D377-47D0-A542-EF24043D103F}.Release|Any CPU.ActiveCfg = Release|Any CPU
		{BA9F6709-D377-47D0-A542-EF24043D103F}.Release|Any CPU.Build.0 = Release|Any CPU
	EndGlobalSection
	GlobalSection(SolutionProperties) = preSolution
		HideSolutionNode = FALSE
	EndGlobalSection
	GlobalSection(ExtensibilityGlobals) = postSolution
		SolutionGuid = {2AF0CDEC-0B17-4AF3-B1FA-1E76B0BC34DB}
	EndGlobalSection
EndGlobal
