
Microsoft Visual Studio Solution File, Format Version 12.00
# Visual Studio Version 17
VisualStudioVersion = 17.5.33414.496
MinimumVisualStudioVersion = 10.0.40219.1
Project("{FAE04EC0-301F-11D3-BF4B-00C04F79EFBC}") = "ArrayMethods", "ArrayMethods.csproj", "{512E5CE8-1773-4510-8AD5-6F36956C2B83}"
EndProject
Global
	GlobalSection(SolutionConfigurationPlatforms) = preSolution
		Debug|Any CPU = Debug|Any CPU
		Release|Any CPU = Release|Any CPU
	EndGlobalSection
	GlobalSection(ProjectConfigurationPlatforms) = postSolution
		{512E5CE8-1773-4510-8AD5-6F36956C2B83}.Debug|Any CPU.ActiveCfg = Debug|Any CPU
		{512E5CE8-1773-4510-8AD5-6F36956C2B83}.Debug|Any CPU.Build.0 = Debug|Any CPU
		{512E5CE8-1773-4510-8AD5-6F36956C2B83}.Release|Any CPU.ActiveCfg = Release|Any CPU
		{512E5CE8-1773-4510-8AD5-6F36956C2B83}.Release|Any CPU.Build.0 = Release|Any CPU
	EndGlobalSection
	GlobalSection(SolutionProperties) = preSolution
		HideSolutionNode = FALSE
	EndGlobalSection
	GlobalSection(ExtensibilityGlobals) = postSolution
		SolutionGuid = {0AC1F2EC-A374-492E-929B-1DD85E7367AD}
	EndGlobalSection
EndGlobal
