
Microsoft Visual Studio Solution File, Format Version 12.00
# Visual Studio Version 17
VisualStudioVersion = 17.5.33414.496
MinimumVisualStudioVersion = 10.0.40219.1
Project("{FAE04EC0-301F-11D3-BF4B-00C04F79EFBC}") = "SwitchCase", "SwitchCase.csproj", "{CF255D0A-7DC2-478F-91D6-F1C1EBA10BCC}"
EndProject
Global
	GlobalSection(SolutionConfigurationPlatforms) = preSolution
		Debug|Any CPU = Debug|Any CPU
		Release|Any CPU = Release|Any CPU
	EndGlobalSection
	GlobalSection(ProjectConfigurationPlatforms) = postSolution
		{CF255D0A-7DC2-478F-91D6-F1C1EBA10BCC}.Debug|Any CPU.ActiveCfg = Debug|Any CPU
		{CF255D0A-7DC2-478F-91D6-F1C1EBA10BCC}.Debug|Any CPU.Build.0 = Debug|Any CPU
		{CF255D0A-7DC2-478F-91D6-F1C1EBA10BCC}.Release|Any CPU.ActiveCfg = Release|Any CPU
		{CF255D0A-7DC2-478F-91D6-F1C1EBA10BCC}.Release|Any CPU.Build.0 = Release|Any CPU
	EndGlobalSection
	GlobalSection(SolutionProperties) = preSolution
		HideSolutionNode = FALSE
	EndGlobalSection
	GlobalSection(ExtensibilityGlobals) = postSolution
		SolutionGuid = {8D36A610-102D-482F-9A76-D44E1CD0DAD8}
	EndGlobalSection
EndGlobal
