
Microsoft Visual Studio Solution File, Format Version 12.00
# Visual Studio Version 17
VisualStudioVersion = 17.5.33414.496
MinimumVisualStudioVersion = 10.0.40219.1
Project("{FAE04EC0-301F-11D3-BF4B-00C04F79EFBC}") = "ExceptionHandling", "ExceptionHandling.csproj", "{891B775D-77B0-4AFC-B2FD-786D29C64154}"
EndProject
Global
	GlobalSection(SolutionConfigurationPlatforms) = preSolution
		Debug|Any CPU = Debug|Any CPU
		Release|Any CPU = Release|Any CPU
	EndGlobalSection
	GlobalSection(ProjectConfigurationPlatforms) = postSolution
		{891B775D-77B0-4AFC-B2FD-786D29C64154}.Debug|Any CPU.ActiveCfg = Debug|Any CPU
		{891B775D-77B0-4AFC-B2FD-786D29C64154}.Debug|Any CPU.Build.0 = Debug|Any CPU
		{891B775D-77B0-4AFC-B2FD-786D29C64154}.Release|Any CPU.ActiveCfg = Release|Any CPU
		{891B775D-77B0-4AFC-B2FD-786D29C64154}.Release|Any CPU.Build.0 = Release|Any CPU
	EndGlobalSection
	GlobalSection(SolutionProperties) = preSolution
		HideSolutionNode = FALSE
	EndGlobalSection
	GlobalSection(ExtensibilityGlobals) = postSolution
		SolutionGuid = {4B52EC92-0709-4BDF-B24D-79BF78E5C7D1}
	EndGlobalSection
EndGlobal
