
Microsoft Visual Studio Solution File, Format Version 12.00
# Visual Studio Version 17
VisualStudioVersion = 17.5.33414.496
MinimumVisualStudioVersion = 10.0.40219.1
Project("{FAE04EC0-301F-11D3-BF4B-00C04F79EFBC}") = "1.1", "1.1.csproj", "{444084E7-194C-4FC0-BC7A-27BD417D7BDE}"
EndProject
Global
	GlobalSection(SolutionConfigurationPlatforms) = preSolution
		Debug|Any CPU = Debug|Any CPU
		Release|Any CPU = Release|Any CPU
	EndGlobalSection
	GlobalSection(ProjectConfigurationPlatforms) = postSolution
		{444084E7-194C-4FC0-BC7A-27BD417D7BDE}.Debug|Any CPU.ActiveCfg = Debug|Any CPU
		{444084E7-194C-4FC0-BC7A-27BD417D7BDE}.Debug|Any CPU.Build.0 = Debug|Any CPU
		{444084E7-194C-4FC0-BC7A-27BD417D7BDE}.Release|Any CPU.ActiveCfg = Release|Any CPU
		{444084E7-194C-4FC0-BC7A-27BD417D7BDE}.Release|Any CPU.Build.0 = Release|Any CPU
	EndGlobalSection
	GlobalSection(SolutionProperties) = preSolution
		HideSolutionNode = FALSE
	EndGlobalSection
	GlobalSection(ExtensibilityGlobals) = postSolution
		SolutionGuid = {05A6258A-FF07-48C2-98D9-5B47AC2B587F}
	EndGlobalSection
EndGlobal
